
Microsoft Visual Studio Solution File, Format Version 12.00
# Visual Studio 15
VisualStudioVersion = 15.0.28010.2046
MinimumVisualStudioVersion = 10.0.40219.1
Project("{FAE04EC0-301F-11D3-BF4B-00C04F79EFBC}") = "SimpleRESTclient.Android", "SimpleRESTclient\SimpleRESTclient.Android\SimpleRESTclient.Android.csproj", "{B9DD098C-7398-4C1A-8715-0959795BD2B4}"
EndProject
Project("{FAE04EC0-301F-11D3-BF4B-00C04F79EFBC}") = "SimpleRESTclient.iOS", "SimpleRESTclient\SimpleRESTclient.iOS\SimpleRESTclient.iOS.csproj", "{350075B6-7A8F-42A1-9CE0-11361B2808AA}"
EndProject
Project("{FAE04EC0-301F-11D3-BF4B-00C04F79EFBC}") = "SimpleRESTclient", "SimpleRESTclient\SimpleRESTclient\SimpleRESTclient.csproj", "{6AC5BEBD-D609-427C-A886-FE1ABE6F48B3}"
EndProject
Global
	GlobalSection(SolutionConfigurationPlatforms) = preSolution
		Ad-Hoc|Any CPU = Ad-Hoc|Any CPU
		Ad-Hoc|iPhone = Ad-Hoc|iPhone
		Ad-Hoc|iPhoneSimulator = Ad-Hoc|iPhoneSimulator
		AppStore|Any CPU = AppStore|Any CPU
		AppStore|iPhone = AppStore|iPhone
		AppStore|iPhoneSimulator = AppStore|iPhoneSimulator
		Debug|Any CPU = Debug|Any CPU
		Debug|iPhone = Debug|iPhone
		Debug|iPhoneSimulator = Debug|iPhoneSimulator
		Release|Any CPU = Release|Any CPU
		Release|iPhone = Release|iPhone
		Release|iPhoneSimulator = Release|iPhoneSimulator
	EndGlobalSection
	GlobalSection(ProjectConfigurationPlatforms) = postSolution
		{B9DD098C-7398-4C1A-8715-0959795BD2B4}.Ad-Hoc|Any CPU.ActiveCfg = Release|Any CPU
		{B9DD098C-7398-4C1A-8715-0959795BD2B4}.Ad-Hoc|Any CPU.Build.0 = Release|Any CPU
		{B9DD098C-7398-4C1A-8715-0959795BD2B4}.Ad-Hoc|Any CPU.Deploy.0 = Release|Any CPU
		{B9DD098C-7398-4C1A-8715-0959795BD2B4}.Ad-Hoc|iPhone.ActiveCfg = Release|Any CPU
		{B9DD098C-7398-4C1A-8715-0959795BD2B4}.Ad-Hoc|iPhone.Build.0 = Release|Any CPU
		{B9DD098C-7398-4C1A-8715-0959795BD2B4}.Ad-Hoc|iPhone.Deploy.0 = Release|Any CPU
		{B9DD098C-7398-4C1A-8715-0959795BD2B4}.Ad-Hoc|iPhoneSimulator.ActiveCfg = Release|Any CPU
		{B9DD098C-7398-4C1A-8715-0959795BD2B4}.Ad-Hoc|iPhoneSimulator.Build.0 = Release|Any CPU
		{B9DD098C-7398-4C1A-8715-0959795BD2B4}.Ad-Hoc|iPhoneSimulator.Deploy.0 = Release|Any CPU
		{B9DD098C-7398-4C1A-8715-0959795BD2B4}.AppStore|Any CPU.ActiveCfg = Release|Any CPU
		{B9DD098C-7398-4C1A-8715-0959795BD2B4}.AppStore|Any CPU.Build.0 = Release|Any CPU
		{B9DD098C-7398-4C1A-8715-0959795BD2B4}.AppStore|Any CPU.Deploy.0 = Release|Any CPU
		{B9DD098C-7398-4C1A-8715-0959795BD2B4}.AppStore|iPhone.ActiveCfg = Release|Any CPU
		{B9DD098C-7398-4C1A-8715-0959795BD2B4}.AppStore|iPhone.Build.0 = Release|Any CPU
		{B9DD098C-7398-4C1A-8715-0959795BD2B4}.AppStore|iPhone.Deploy.0 = Release|Any CPU
		{B9DD098C-7398-4C1A-8715-0959795BD2B4}.AppStore|iPhoneSimulator.ActiveCfg = Release|Any CPU
		{B9DD098C-7398-4C1A-8715-0959795BD2B4}.AppStore|iPhoneSimulator.Build.0 = Release|Any CPU
		{B9DD098C-7398-4C1A-8715-0959795BD2B4}.AppStore|iPhoneSimulator.Deploy.0 = Release|Any CPU
		{B9DD098C-7398-4C1A-8715-0959795BD2B4}.Debug|Any CPU.ActiveCfg = Debug|Any CPU
		{B9DD098C-7398-4C1A-8715-0959795BD2B4}.Debug|Any CPU.Build.0 = Debug|Any CPU
		{B9DD098C-7398-4C1A-8715-0959795BD2B4}.Debug|Any CPU.Deploy.0 = Debug|Any CPU
		{B9DD098C-7398-4C1A-8715-0959795BD2B4}.Debug|iPhone.ActiveCfg = Debug|Any CPU
		{B9DD098C-7398-4C1A-8715-0959795BD2B4}.Debug|iPhone.Build.0 = Debug|Any CPU
		{B9DD098C-7398-4C1A-8715-0959795BD2B4}.Debug|iPhone.Deploy.0 = Debug|Any CPU
		{B9DD098C-7398-4C1A-8715-0959795BD2B4}.Debug|iPhoneSimulator.ActiveCfg = Debug|Any CPU
		{B9DD098C-7398-4C1A-8715-0959795BD2B4}.Debug|iPhoneSimulator.Build.0 = Debug|Any CPU
		{B9DD098C-7398-4C1A-8715-0959795BD2B4}.Debug|iPhoneSimulator.Deploy.0 = Debug|Any CPU
		{B9DD098C-7398-4C1A-8715-0959795BD2B4}.Release|Any CPU.ActiveCfg = Release|Any CPU
		{B9DD098C-7398-4C1A-8715-0959795BD2B4}.Release|Any CPU.Build.0 = Release|Any CPU
		{B9DD098C-7398-4C1A-8715-0959795BD2B4}.Release|Any CPU.Deploy.0 = Release|Any CPU
		{B9DD098C-7398-4C1A-8715-0959795BD2B4}.Release|iPhone.ActiveCfg = Release|Any CPU
		{B9DD098C-7398-4C1A-8715-0959795BD2B4}.Release|iPhone.Build.0 = Release|Any CPU
		{B9DD098C-7398-4C1A-8715-0959795BD2B4}.Release|iPhone.Deploy.0 = Release|Any CPU
		{B9DD098C-7398-4C1A-8715-0959795BD2B4}.Release|iPhoneSimulator.ActiveCfg = Release|Any CPU
		{B9DD098C-7398-4C1A-8715-0959795BD2B4}.Release|iPhoneSimulator.Build.0 = Release|Any CPU
		{B9DD098C-7398-4C1A-8715-0959795BD2B4}.Release|iPhoneSimulator.Deploy.0 = Release|Any CPU
		{350075B6-7A8F-42A1-9CE0-11361B2808AA}.Ad-Hoc|Any CPU.ActiveCfg = Ad-Hoc|iPhone
		{350075B6-7A8F-42A1-9CE0-11361B2808AA}.Ad-Hoc|Any CPU.Build.0 = Ad-Hoc|iPhone
		{350075B6-7A8F-42A1-9CE0-11361B2808AA}.Ad-Hoc|Any CPU.Deploy.0 = Ad-Hoc|iPhone
		{350075B6-7A8F-42A1-9CE0-11361B2808AA}.Ad-Hoc|iPhone.ActiveCfg = Ad-Hoc|iPhone
		{350075B6-7A8F-42A1-9CE0-11361B2808AA}.Ad-Hoc|iPhone.Build.0 = Ad-Hoc|iPhone
		{350075B6-7A8F-42A1-9CE0-11361B2808AA}.Ad-Hoc|iPhone.Deploy.0 = Ad-Hoc|iPhone
		{350075B6-7A8F-42A1-9CE0-11361B2808AA}.Ad-Hoc|iPhoneSimulator.ActiveCfg = Ad-Hoc|iPhoneSimulator
		{350075B6-7A8F-42A1-9CE0-11361B2808AA}.Ad-Hoc|iPhoneSimulator.Build.0 = Ad-Hoc|iPhoneSimulator
		{350075B6-7A8F-42A1-9CE0-11361B2808AA}.Ad-Hoc|iPhoneSimulator.Deploy.0 = Ad-Hoc|iPhoneSimulator
		{350075B6-7A8F-42A1-9CE0-11361B2808AA}.AppStore|Any CPU.ActiveCfg = AppStore|iPhone
		{350075B6-7A8F-42A1-9CE0-11361B2808AA}.AppStore|Any CPU.Build.0 = AppStore|iPhone
		{350075B6-7A8F-42A1-9CE0-11361B2808AA}.AppStore|Any CPU.Deploy.0 = AppStore|iPhone
		{350075B6-7A8F-42A1-9CE0-11361B2808AA}.AppStore|iPhone.ActiveCfg = AppStore|iPhone
		{350075B6-7A8F-42A1-9CE0-11361B2808AA}.AppStore|iPhone.Build.0 = AppStore|iPhone
		{350075B6-7A8F-42A1-9CE0-11361B2808AA}.AppStore|iPhone.Deploy.0 = AppStore|iPhone
		{350075B6-7A8F-42A1-9CE0-11361B2808AA}.AppStore|iPhoneSimulator.ActiveCfg = AppStore|iPhoneSimulator
		{350075B6-7A8F-42A1-9CE0-11361B2808AA}.AppStore|iPhoneSimulator.Build.0 = AppStore|iPhoneSimulator
		{350075B6-7A8F-42A1-9CE0-11361B2808AA}.AppStore|iPhoneSimulator.Deploy.0 = AppStore|iPhoneSimulator
		{350075B6-7A8F-42A1-9CE0-11361B2808AA}.Debug|Any CPU.ActiveCfg = Debug|iPhoneSimulator
		{350075B6-7A8F-42A1-9CE0-11361B2808AA}.Debug|Any CPU.Build.0 = Debug|iPhoneSimulator
		{350075B6-7A8F-42A1-9CE0-11361B2808AA}.Debug|Any CPU.Deploy.0 = Debug|iPhoneSimulator
		{350075B6-7A8F-42A1-9CE0-11361B2808AA}.Debug|iPhone.ActiveCfg = Debug|iPhone
		{350075B6-7A8F-42A1-9CE0-11361B2808AA}.Debug|iPhone.Build.0 = Debug|iPhone
		{350075B6-7A8F-42A1-9CE0-11361B2808AA}.Debug|iPhone.Deploy.0 = Debug|iPhone
		{350075B6-7A8F-42A1-9CE0-11361B2808AA}.Debug|iPhoneSimulator.ActiveCfg = Debug|iPhoneSimulator
		{350075B6-7A8F-42A1-9CE0-11361B2808AA}.Debug|iPhoneSimulator.Build.0 = Debug|iPhoneSimulator
		{350075B6-7A8F-42A1-9CE0-11361B2808AA}.Debug|iPhoneSimulator.Deploy.0 = Debug|iPhoneSimulator
		{350075B6-7A8F-42A1-9CE0-11361B2808AA}.Release|Any CPU.ActiveCfg = Release|iPhone
		{350075B6-7A8F-42A1-9CE0-11361B2808AA}.Release|Any CPU.Build.0 = Release|iPhone
		{350075B6-7A8F-42A1-9CE0-11361B2808AA}.Release|Any CPU.Deploy.0 = Release|iPhone
		{350075B6-7A8F-42A1-9CE0-11361B2808AA}.Release|iPhone.ActiveCfg = Release|iPhone
		{350075B6-7A8F-42A1-9CE0-11361B2808AA}.Release|iPhone.Build.0 = Release|iPhone
		{350075B6-7A8F-42A1-9CE0-11361B2808AA}.Release|iPhone.Deploy.0 = Release|iPhone
		{350075B6-7A8F-42A1-9CE0-11361B2808AA}.Release|iPhoneSimulator.ActiveCfg = Release|iPhoneSimulator
		{350075B6-7A8F-42A1-9CE0-11361B2808AA}.Release|iPhoneSimulator.Build.0 = Release|iPhoneSimulator
		{350075B6-7A8F-42A1-9CE0-11361B2808AA}.Release|iPhoneSimulator.Deploy.0 = Release|iPhoneSimulator
		{6AC5BEBD-D609-427C-A886-FE1ABE6F48B3}.Ad-Hoc|Any CPU.ActiveCfg = Debug|Any CPU
		{6AC5BEBD-D609-427C-A886-FE1ABE6F48B3}.Ad-Hoc|Any CPU.Build.0 = Debug|Any CPU
		{6AC5BEBD-D609-427C-A886-FE1ABE6F48B3}.Ad-Hoc|Any CPU.Deploy.0 = Debug|Any CPU
		{6AC5BEBD-D609-427C-A886-FE1ABE6F48B3}.Ad-Hoc|iPhone.ActiveCfg = Debug|Any CPU
		{6AC5BEBD-D609-427C-A886-FE1ABE6F48B3}.Ad-Hoc|iPhone.Build.0 = Debug|Any CPU
		{6AC5BEBD-D609-427C-A886-FE1ABE6F48B3}.Ad-Hoc|iPhone.Deploy.0 = Debug|Any CPU
		{6AC5BEBD-D609-427C-A886-FE1ABE6F48B3}.Ad-Hoc|iPhoneSimulator.ActiveCfg = Debug|Any CPU
		{6AC5BEBD-D609-427C-A886-FE1ABE6F48B3}.Ad-Hoc|iPhoneSimulator.Build.0 = Debug|Any CPU
		{6AC5BEBD-D609-427C-A886-FE1ABE6F48B3}.Ad-Hoc|iPhoneSimulator.Deploy.0 = Debug|Any CPU
		{6AC5BEBD-D609-427C-A886-FE1ABE6F48B3}.AppStore|Any CPU.ActiveCfg = Debug|Any CPU
		{6AC5BEBD-D609-427C-A886-FE1ABE6F48B3}.AppStore|Any CPU.Build.0 = Debug|Any CPU
		{6AC5BEBD-D609-427C-A886-FE1ABE6F48B3}.AppStore|Any CPU.Deploy.0 = Debug|Any CPU
		{6AC5BEBD-D609-427C-A886-FE1ABE6F48B3}.AppStore|iPhone.ActiveCfg = Debug|Any CPU
		{6AC5BEBD-D609-427C-A886-FE1ABE6F48B3}.AppStore|iPhone.Build.0 = Debug|Any CPU
		{6AC5BEBD-D609-427C-A886-FE1ABE6F48B3}.AppStore|iPhone.Deploy.0 = Debug|Any CPU
		{6AC5BEBD-D609-427C-A886-FE1ABE6F48B3}.AppStore|iPhoneSimulator.ActiveCfg = Debug|Any CPU
		{6AC5BEBD-D609-427C-A886-FE1ABE6F48B3}.AppStore|iPhoneSimulator.Build.0 = Debug|Any CPU
		{6AC5BEBD-D609-427C-A886-FE1ABE6F48B3}.AppStore|iPhoneSimulator.Deploy.0 = Debug|Any CPU
		{6AC5BEBD-D609-427C-A886-FE1ABE6F48B3}.Debug|Any CPU.ActiveCfg = Debug|Any CPU
		{6AC5BEBD-D609-427C-A886-FE1ABE6F48B3}.Debug|Any CPU.Build.0 = Debug|Any CPU
		{6AC5BEBD-D609-427C-A886-FE1ABE6F48B3}.Debug|Any CPU.Deploy.0 = Debug|Any CPU
		{6AC5BEBD-D609-427C-A886-FE1ABE6F48B3}.Debug|iPhone.ActiveCfg = Debug|Any CPU
		{6AC5BEBD-D609-427C-A886-FE1ABE6F48B3}.Debug|iPhone.Build.0 = Debug|Any CPU
		{6AC5BEBD-D609-427C-A886-FE1ABE6F48B3}.Debug|iPhone.Deploy.0 = Debug|Any CPU
		{6AC5BEBD-D609-427C-A886-FE1ABE6F48B3}.Debug|iPhoneSimulator.ActiveCfg = Debug|Any CPU
		{6AC5BEBD-D609-427C-A886-FE1ABE6F48B3}.Debug|iPhoneSimulator.Build.0 = Debug|Any CPU
		{6AC5BEBD-D609-427C-A886-FE1ABE6F48B3}.Debug|iPhoneSimulator.Deploy.0 = Debug|Any CPU
		{6AC5BEBD-D609-427C-A886-FE1ABE6F48B3}.Release|Any CPU.ActiveCfg = Release|Any CPU
		{6AC5BEBD-D609-427C-A886-FE1ABE6F48B3}.Release|Any CPU.Build.0 = Release|Any CPU
		{6AC5BEBD-D609-427C-A886-FE1ABE6F48B3}.Release|Any CPU.Deploy.0 = Release|Any CPU
		{6AC5BEBD-D609-427C-A886-FE1ABE6F48B3}.Release|iPhone.ActiveCfg = Release|Any CPU
		{6AC5BEBD-D609-427C-A886-FE1ABE6F48B3}.Release|iPhone.Build.0 = Release|Any CPU
		{6AC5BEBD-D609-427C-A886-FE1ABE6F48B3}.Release|iPhone.Deploy.0 = Release|Any CPU
		{6AC5BEBD-D609-427C-A886-FE1ABE6F48B3}.Release|iPhoneSimulator.ActiveCfg = Release|Any CPU
		{6AC5BEBD-D609-427C-A886-FE1ABE6F48B3}.Release|iPhoneSimulator.Build.0 = Release|Any CPU
		{6AC5BEBD-D609-427C-A886-FE1ABE6F48B3}.Release|iPhoneSimulator.Deploy.0 = Release|Any CPU
	EndGlobalSection
	GlobalSection(SolutionProperties) = preSolution
		HideSolutionNode = FALSE
	EndGlobalSection
	GlobalSection(ExtensibilityGlobals) = postSolution
		SolutionGuid = {A493F518-E254-443A-9052-55105EF4A567}
	EndGlobalSection
EndGlobal
